
Microsoft Visual Studio Solution File, Format Version 12.00
# Visual Studio Version 16
VisualStudioVersion = 16.0.31321.278
MinimumVisualStudioVersion = 10.0.40219.1
Project("{8BC9CEB8-8B4A-11D0-8D11-00A0C91BC942}") = "trying-stuff", "trying-stuff\trying-stuff.vcxproj", "{1ECDF53D-FB61-46D9-AE81-DB88EEAB12AE}"
EndProject
Global
	GlobalSection(SolutionConfigurationPlatforms) = preSolution
		Debug|x64 = Debug|x64
		Release|x64 = Release|x64
	EndGlobalSection
	GlobalSection(ProjectConfigurationPlatforms) = postSolution
		{1ECDF53D-FB61-46D9-AE81-DB88EEAB12AE}.Debug|x64.ActiveCfg = Debug|x64
		{1ECDF53D-FB61-46D9-AE81-DB88EEAB12AE}.Debug|x64.Build.0 = Debug|x64
		{1ECDF53D-FB61-46D9-AE81-DB88EEAB12AE}.Release|x64.ActiveCfg = Debug|x64
		{1ECDF53D-FB61-46D9-AE81-DB88EEAB12AE}.Release|x64.Build.0 = Debug|x64
	EndGlobalSection
	GlobalSection(SolutionProperties) = preSolution
		HideSolutionNode = FALSE
	EndGlobalSection
	GlobalSection(ExtensibilityGlobals) = postSolution
		SolutionGuid = {B7D4EC7C-F7E2-41F3-B785-8C1F186B48E4}
	EndGlobalSection
EndGlobal
